
Microsoft Visual Studio Solution File, Format Version 12.00
# Visual Studio Version 17
VisualStudioVersion = 17.14.36518.9 d17.14
MinimumVisualStudioVersion = 10.0.40219.1
Project("{FAE04EC0-301F-11D3-BF4B-00C04F79EFBC}") = "Event Ease", "Event Ease\Event Ease.csproj", "{DCD3FCEC-D6E9-44D3-A367-E47C9735F8EE}"
EndProject
Global
	GlobalSection(SolutionConfigurationPlatforms) = preSolution
		Debug|Any CPU = Debug|Any CPU
		Release|Any CPU = Release|Any CPU
	EndGlobalSection
	GlobalSection(ProjectConfigurationPlatforms) = postSolution
		{DCD3FCEC-D6E9-44D3-A367-E47C9735F8EE}.Debug|Any CPU.ActiveCfg = Debug|Any CPU
		{DCD3FCEC-D6E9-44D3-A367-E47C9735F8EE}.Debug|Any CPU.Build.0 = Debug|Any CPU
		{DCD3FCEC-D6E9-44D3-A367-E47C9735F8EE}.Release|Any CPU.ActiveCfg = Release|Any CPU
		{DCD3FCEC-D6E9-44D3-A367-E47C9735F8EE}.Release|Any CPU.Build.0 = Release|Any CPU
	EndGlobalSection
	GlobalSection(SolutionProperties) = preSolution
		HideSolutionNode = FALSE
	EndGlobalSection
	GlobalSection(ExtensibilityGlobals) = postSolution
		SolutionGuid = {99B9918B-8EAA-4B72-A767-63FEC10FDEAC}
	EndGlobalSection
EndGlobal
